Microsoft Visual Studio Solution File, Format Version 12.00
# Visual Studio 14
VisualStudioVersion = 14.0.25420.1
MinimumVisualStudioVersion = 10.0.40219.1
Project("{FAE04EC0-301F-11D3-BF4B-00C04F79EFBC}") = "Console", "Console\Console.csproj", "{FA7A0E6C-66BD-4FA4-8684-BA581CEAE0D3}"
EndProject
Project("{FAE04EC0-301F-11D3-BF4B-00C04F79EFBC}") = "Xades", "Xades\Xades.csproj", "{AD2AE594-3CCA-489C-B2FF-FE757306ECCA}"
EndProject
Project("{FAE04EC0-301F-11D3-BF4B-00C04F79EFBC}") = "Library", "Xades-master\Source\Library\Library.csproj", "{EE1DC57A-344A-4B0A-82CE-5FD328C14894}"
EndProject
Global
	GlobalSection(SolutionConfigurationPlatforms) = preSolution
		Debug|Any CPU = Debug|Any CPU
		Release|Any CPU = Release|Any CPU
	EndGlobalSection
	GlobalSection(ProjectConfigurationPlatforms) = postSolution
		{FA7A0E6C-66BD-4FA4-8684-BA581CEAE0D3}.Debug|Any CPU.ActiveCfg = Debug|Any CPU
		{FA7A0E6C-66BD-4FA4-8684-BA581CEAE0D3}.Debug|Any CPU.Build.0 = Debug|Any CPU
		{FA7A0E6C-66BD-4FA4-8684-BA581CEAE0D3}.Release|Any CPU.ActiveCfg = Release|Any CPU
		{FA7A0E6C-66BD-4FA4-8684-BA581CEAE0D3}.Release|Any CPU.Build.0 = Release|Any CPU
		{AD2AE594-3CCA-489C-B2FF-FE757306ECCA}.Debug|Any CPU.ActiveCfg = Debug|Any CPU
		{AD2AE594-3CCA-489C-B2FF-FE757306ECCA}.Debug|Any CPU.Build.0 = Debug|Any CPU
		{AD2AE594-3CCA-489C-B2FF-FE757306ECCA}.Release|Any CPU.ActiveCfg = Release|Any CPU
		{AD2AE594-3CCA-489C-B2FF-FE757306ECCA}.Release|Any CPU.Build.0 = Release|Any CPU
		{EE1DC57A-344A-4B0A-82CE-5FD328C14894}.Debug|Any CPU.ActiveCfg = Debug|Any CPU
		{EE1DC57A-344A-4B0A-82CE-5FD328C14894}.Debug|Any CPU.Build.0 = Debug|Any CPU
		{EE1DC57A-344A-4B0A-82CE-5FD328C14894}.Release|Any CPU.ActiveCfg = Release|Any CPU
		{EE1DC57A-344A-4B0A-82CE-5FD328C14894}.Release|Any CPU.Build.0 = Release|Any CPU
	EndGlobalSection
	GlobalSection(SolutionProperties) = preSolution
		HideSolutionNode = FALSE
	EndGlobalSection
	GlobalSection(ExtensibilityGlobals) = postSolution
		SolutionGuid = {2CB67341-B715-4A00-BD46-6703BBA7C703}
	EndGlobalSection
EndGlobal
